
Microsoft Visual Studio Solution File, Format Version 12.00
# Visual Studio 15
VisualStudioVersion = 15.0.28307.757
MinimumVisualStudioVersion = 10.0.40219.1
Project("{FAE04EC0-301F-11D3-BF4B-00C04F79EFBC}") = "FetchData", "FetchData\FetchData.csproj", "{0172BF10-E7FC-450B-A071-085EC8088DBE}"
EndProject
Global
	GlobalSection(SolutionConfigurationPlatforms) = preSolution
		Debug|Any CPU = Debug|Any CPU
		Release|Any CPU = Release|Any CPU
	EndGlobalSection
	GlobalSection(ProjectConfigurationPlatforms) = postSolution
		{0172BF10-E7FC-450B-A071-085EC8088DBE}.Debug|Any CPU.ActiveCfg = Debug|Any CPU
		{0172BF10-E7FC-450B-A071-085EC8088DBE}.Debug|Any CPU.Build.0 = Debug|Any CPU
		{0172BF10-E7FC-450B-A071-085EC8088DBE}.Release|Any CPU.ActiveCfg = Release|Any CPU
		{0172BF10-E7FC-450B-A071-085EC8088DBE}.Release|Any CPU.Build.0 = Release|Any CPU
	EndGlobalSection
	GlobalSection(SolutionProperties) = preSolution
		HideSolutionNode = FALSE
	EndGlobalSection
	GlobalSection(ExtensibilityGlobals) = postSolution
		SolutionGuid = {4AEAAB9E-F960-40C4-8297-4DEA8950212B}
	EndGlobalSection
EndGlobal
